
Microsoft Visual Studio Solution File, Format Version 12.00
# Visual Studio Version 16
VisualStudioVersion = 16.0.30309.148
MinimumVisualStudioVersion = 10.0.40219.1
Project("{FAE04EC0-301F-11D3-BF4B-00C04F79EFBC}") = "G1ANT.Addon.Microsoftteams", "G1ANT.Addon.Microsoftteams\G1ANT.Addon.Microsoftteams.csproj", "{8B9414FA-D69E-4D36-A965-DF7E0C26764C}"
EndProject
Global
	GlobalSection(SolutionConfigurationPlatforms) = preSolution
		Debug|Any CPU = Debug|Any CPU
		Release|Any CPU = Release|Any CPU
	EndGlobalSection
	GlobalSection(ProjectConfigurationPlatforms) = postSolution
		{8B9414FA-D69E-4D36-A965-DF7E0C26764C}.Debug|Any CPU.ActiveCfg = Debug|Any CPU
		{8B9414FA-D69E-4D36-A965-DF7E0C26764C}.Debug|Any CPU.Build.0 = Debug|Any CPU
		{8B9414FA-D69E-4D36-A965-DF7E0C26764C}.Release|Any CPU.ActiveCfg = Release|Any CPU
		{8B9414FA-D69E-4D36-A965-DF7E0C26764C}.Release|Any CPU.Build.0 = Release|Any CPU
	EndGlobalSection
	GlobalSection(SolutionProperties) = preSolution
		HideSolutionNode = FALSE
	EndGlobalSection
	GlobalSection(ExtensibilityGlobals) = postSolution
		SolutionGuid = {A537EC4F-EDE5-48CD-AD52-74997D39A6EA}
	EndGlobalSection
EndGlobal
