
Microsoft Visual Studio Solution File, Format Version 12.00
# Visual Studio Version 16
VisualStudioVersion = 16.0.30309.148
MinimumVisualStudioVersion = 10.0.40219.1
Project("{FAE04EC0-301F-11D3-BF4B-00C04F79EFBC}") = "G1ANT.Addon.FacebookN", "G1ANT.Addon.FacebookN\G1ANT.Addon.FacebookN.csproj", "{190049C6-8880-41CA-BF91-32D7C1A7FBB5}"
EndProject
Global
	GlobalSection(SolutionConfigurationPlatforms) = preSolution
		Debug|Any CPU = Debug|Any CPU
		Release|Any CPU = Release|Any CPU
	EndGlobalSection
	GlobalSection(ProjectConfigurationPlatforms) = postSolution
		{190049C6-8880-41CA-BF91-32D7C1A7FBB5}.Debug|Any CPU.ActiveCfg = Debug|Any CPU
		{190049C6-8880-41CA-BF91-32D7C1A7FBB5}.Debug|Any CPU.Build.0 = Debug|Any CPU
		{190049C6-8880-41CA-BF91-32D7C1A7FBB5}.Release|Any CPU.ActiveCfg = Release|Any CPU
		{190049C6-8880-41CA-BF91-32D7C1A7FBB5}.Release|Any CPU.Build.0 = Release|Any CPU
	EndGlobalSection
	GlobalSection(SolutionProperties) = preSolution
		HideSolutionNode = FALSE
	EndGlobalSection
	GlobalSection(ExtensibilityGlobals) = postSolution
		SolutionGuid = {D123DAAB-9836-41DA-9565-DC4A7EAE0404}
	EndGlobalSection
EndGlobal
